# generated by rye
# use `rye lock` or `rye sync` to update this lockfile
#
# last locked with the following flags:
#   pre: false
#   features: []
#   all-features: false
#   with-sources: false
#   generate-hashes: false

-e file:.
advanced-alchemy==0.8.4
    # via litestar
alembic==1.13.1
    # via advanced-alchemy
annotated-types==0.7.0
    # via litestar
    # via pydantic
anyio==4.4.0
    # via httpx
    # via jupyter-server
    # via litestar
    # via watchfiles
argon2-cffi==23.1.0
    # via jupyter-server
    # via notebook
argon2-cffi-bindings==21.2.0
    # via argon2-cffi
arrow==1.3.0
    # via isoduration
asgiref==3.8.1
    # via opentelemetry-instrumentation-asgi
asttokens==2.4.1
    # via stack-data
attrs==23.2.0
    # via jsonschema
    # via litestar
    # via referencing
beautifulsoup4==4.12.3
    # via nbconvert
black==24.4.2
    # via piccolo
bleach==6.1.0
    # via nbconvert
brotli==1.1.0
    # via litestar
certifi==2024.2.2
    # via httpcore
    # via httpx
cffi==1.16.0
    # via argon2-cffi-bindings
    # via cryptography
click==8.1.7
    # via black
    # via litestar
    # via rich-click
    # via uvicorn
colorama==0.4.6
    # via piccolo
    # via targ
comm==0.2.2
    # via ipykernel
cryptography==42.0.7
    # via litestar
debugpy==1.8.1
    # via ipykernel
decorator==5.1.1
    # via ipython
defusedxml==0.7.1
    # via nbconvert
deprecated==1.2.14
    # via opentelemetry-api
dnspython==2.6.1
    # via email-validator
docstring-parser==0.16
    # via targ
ecdsa==0.19.0
    # via python-jose
editorconfig==0.12.4
    # via jsbeautifier
email-validator==2.1.1
    # via litestar
    # via pydantic
entrypoints==0.4
    # via jupyter-client
executing==2.0.1
    # via stack-data
faker==25.3.0
    # via polyfactory
fast-query-parsers==1.0.3
    # via litestar
fastjsonschema==2.19.1
    # via nbformat
fqdn==1.5.1
    # via jsonschema
greenlet==3.0.3
    # via sqlalchemy
h11==0.14.0
    # via httpcore
    # via uvicorn
hiredis==2.3.2
    # via redis
httpcore==1.0.5
    # via httpx
httptools==0.6.1
    # via uvicorn
httpx==0.27.0
    # via litestar
idna==3.7
    # via anyio
    # via email-validator
    # via httpx
    # via jsonschema
importlib-metadata==7.1.0
    # via opentelemetry-api
inflection==0.5.1
    # via piccolo
ipykernel==6.29.4
    # via nbclassic
    # via notebook
ipython==8.25.0
    # via ipykernel
ipython-genutils==0.2.0
    # via nbclassic
    # via notebook
isoduration==20.11.0
    # via jsonschema
jedi==0.19.1
    # via ipython
jinja2==3.1.4
    # via jupyter-server
    # via litestar
    # via memray
    # via nbconvert
    # via notebook
    # via piccolo
jsbeautifier==1.15.1
    # via litestar
jsonpointer==2.4
    # via jsonschema
jsonschema==4.22.0
    # via jupyter-events
    # via nbformat
jsonschema-specifications==2023.12.1
    # via jsonschema
jupyter-client==7.4.9
    # via ipykernel
    # via jupyter-server
    # via nbclient
    # via notebook
jupyter-core==5.7.2
    # via ipykernel
    # via jupyter-client
    # via jupyter-server
    # via nbclient
    # via nbconvert
    # via nbformat
    # via notebook
jupyter-events==0.10.0
    # via jupyter-server
jupyter-server==2.14.1
    # via notebook-shim
jupyter-server-terminals==0.5.3
    # via jupyter-server
jupyterlab-pygments==0.3.0
    # via nbconvert
linkify-it-py==2.0.3
    # via markdown-it-py
litestar==2.8.3
    # via demo-profiling
mako==1.3.5
    # via alembic
    # via litestar
markdown-it-py==3.0.0
    # via mdit-py-plugins
    # via rich
    # via textual
markupsafe==2.1.5
    # via jinja2
    # via mako
    # via nbconvert
matplotlib-inline==0.1.7
    # via ipykernel
    # via ipython
mdit-py-plugins==0.4.1
    # via markdown-it-py
mdurl==0.1.2
    # via markdown-it-py
memray==1.12.0
    # via demo-profiling
minijinja==2.0.1
    # via litestar
mistune==3.0.2
    # via nbconvert
msgspec==0.18.6
    # via litestar
multidict==6.0.5
    # via litestar
mypy-extensions==1.0.0
    # via black
nbclassic==1.1.0
    # via notebook
nbclient==0.10.0
    # via nbconvert
nbconvert==7.16.4
    # via jupyter-server
    # via notebook
nbformat==5.10.4
    # via jupyter-server
    # via nbclient
    # via nbconvert
    # via notebook
nest-asyncio==1.6.0
    # via ipykernel
    # via jupyter-client
    # via nbclassic
    # via notebook
notebook==6.5.7
    # via demo-profiling
    # via rise
notebook-shim==0.2.4
    # via nbclassic
opentelemetry-api==1.25.0
    # via opentelemetry-instrumentation
    # via opentelemetry-instrumentation-asgi
opentelemetry-instrumentation==0.45b0
    # via opentelemetry-instrumentation-asgi
opentelemetry-instrumentation-asgi==0.45b0
    # via litestar
opentelemetry-semantic-conventions==0.45b0
    # via opentelemetry-instrumentation-asgi
opentelemetry-util-http==0.45b0
    # via opentelemetry-instrumentation-asgi
overrides==7.7.0
    # via jupyter-server
packaging==24.0
    # via black
    # via ipykernel
    # via jupyter-server
    # via nbconvert
pandocfilters==1.5.1
    # via nbconvert
parso==0.8.4
    # via jedi
pathspec==0.12.1
    # via black
pexpect==4.9.0
    # via ipython
piccolo==1.7.0
    # via litestar
picologging==0.9.3
    # via litestar
platformdirs==4.2.2
    # via black
    # via jupyter-core
polyfactory==2.16.0
    # via litestar
prometheus-client==0.20.0
    # via jupyter-server
    # via litestar
    # via notebook
prompt-toolkit==3.0.45
    # via ipython
psutil==5.9.8
    # via ipykernel
ptyprocess==0.7.0
    # via pexpect
    # via terminado
pure-eval==0.2.2
    # via stack-data
pyasn1==0.6.0
    # via python-jose
    # via rsa
pycparser==2.22
    # via cffi
pydantic==2.7.2
    # via litestar
    # via piccolo
    # via pydantic-extra-types
pydantic-core==2.18.3
    # via pydantic
pydantic-extra-types==2.7.0
    # via litestar
pygments==2.18.0
    # via ipython
    # via nbconvert
    # via rich
python-dateutil==2.9.0.post0
    # via arrow
    # via demo-profiling
    # via faker
    # via jupyter-client
python-dotenv==1.0.1
    # via uvicorn
python-jose==3.3.0
    # via litestar
python-json-logger==2.0.7
    # via jupyter-events
pyyaml==6.0.1
    # via jupyter-events
    # via litestar
    # via uvicorn
pyzmq==26.0.3
    # via ipykernel
    # via jupyter-client
    # via jupyter-server
    # via notebook
redis==5.0.4
    # via litestar
referencing==0.35.1
    # via jsonschema
    # via jsonschema-specifications
    # via jupyter-events
rfc3339-validator==0.1.4
    # via jsonschema
    # via jupyter-events
rfc3986-validator==0.1.1
    # via jsonschema
    # via jupyter-events
rich==13.7.1
    # via litestar
    # via memray
    # via rich-click
    # via textual
rich-click==1.8.2
    # via litestar
rise==5.7.1
    # via demo-profiling
rpds-py==0.18.1
    # via jsonschema
    # via referencing
rsa==4.9
    # via python-jose
send2trash==1.8.3
    # via jupyter-server
    # via notebook
setuptools==70.0.0
    # via opentelemetry-instrumentation
six==1.16.0
    # via asttokens
    # via bleach
    # via ecdsa
    # via jsbeautifier
    # via python-dateutil
    # via rfc3339-validator
sniffio==1.3.1
    # via anyio
    # via httpx
soupsieve==2.5
    # via beautifulsoup4
sqlalchemy==2.0.30
    # via advanced-alchemy
    # via alembic
stack-data==0.6.3
    # via ipython
structlog==24.2.0
    # via litestar
targ==0.4.0
    # via piccolo
terminado==0.18.1
    # via jupyter-server
    # via jupyter-server-terminals
    # via notebook
textual==0.63.6
    # via memray
tinycss2==1.3.0
    # via nbconvert
tornado==6.4
    # via ipykernel
    # via jupyter-client
    # via jupyter-server
    # via notebook
    # via terminado
traitlets==5.14.3
    # via comm
    # via ipykernel
    # via ipython
    # via jupyter-client
    # via jupyter-core
    # via jupyter-events
    # via jupyter-server
    # via matplotlib-inline
    # via nbclient
    # via nbconvert
    # via nbformat
    # via notebook
types-python-dateutil==2.9.0.20240316
    # via arrow
typing-extensions==4.12.0
    # via advanced-alchemy
    # via alembic
    # via litestar
    # via piccolo
    # via polyfactory
    # via pydantic
    # via pydantic-core
    # via rich-click
    # via sqlalchemy
    # via textual
uc-micro-py==1.0.3
    # via linkify-it-py
uri-template==1.3.0
    # via jsonschema
uvicorn==0.30.0
    # via demo-profiling
    # via litestar
uvloop==0.19.0
    # via litestar
    # via uvicorn
watchfiles==0.22.0
    # via uvicorn
wcwidth==0.2.13
    # via prompt-toolkit
webcolors==1.13
    # via jsonschema
webencodings==0.5.1
    # via bleach
    # via tinycss2
websocket-client==1.8.0
    # via jupyter-server
websockets==12.0
    # via uvicorn
wrapt==1.16.0
    # via deprecated
    # via opentelemetry-instrumentation
zipp==3.19.0
    # via importlib-metadata
